
Microsoft Visual Studio Solution File, Format Version 12.00
# Visual Studio Version 17
VisualStudioVersion = 17.6.33712.159
MinimumVisualStudioVersion = 10.0.40219.1
Project("{FAE04EC0-301F-11D3-BF4B-00C04F79EFBC}") = "gun", "gun\gun.csproj", "{AA69AA38-D573-4831-808A-CE194191335D}"
EndProject
Global
	GlobalSection(SolutionConfigurationPlatforms) = preSolution
		Debug|Any CPU = Debug|Any CPU
		Release|Any CPU = Release|Any CPU
	EndGlobalSection
	GlobalSection(ProjectConfigurationPlatforms) = postSolution
		{AA69AA38-D573-4831-808A-CE194191335D}.Debug|Any CPU.ActiveCfg = Debug|Any CPU
		{AA69AA38-D573-4831-808A-CE194191335D}.Debug|Any CPU.Build.0 = Debug|Any CPU
		{AA69AA38-D573-4831-808A-CE194191335D}.Release|Any CPU.ActiveCfg = Release|Any CPU
		{AA69AA38-D573-4831-808A-CE194191335D}.Release|Any CPU.Build.0 = Release|Any CPU
	EndGlobalSection
	GlobalSection(SolutionProperties) = preSolution
		HideSolutionNode = FALSE
	EndGlobalSection
	GlobalSection(ExtensibilityGlobals) = postSolution
		SolutionGuid = {CBF1C06F-E33D-442D-A1DE-DC886237CF0C}
	EndGlobalSection
EndGlobal
